{
  "nodes": {
    "flake-utils": {
      "inputs": {
        "systems": "systems"
      },
      "locked": {
        "lastModified": 1731533236,
        "narHash": "sha256-l0KFg5HjrsfsO/JpG+r7fRrqm12kzFHyUHqHCVpMMbI=",
        "owner": "numtide",
        "repo": "flake-utils",
        "rev": "11707dc2f618dd54ca8739b309ec4fc024de578b",
        "type": "github"
      },
      "original": {
        "owner": "numtide",
        "repo": "flake-utils",
        "type": "github"
      }
    },
    "nix-ros-overlay": {
      "inputs": {
        "flake-utils": "flake-utils",
        "nixpkgs": "nixpkgs",
        "rosdistro": "rosdistro"
      },
      "locked": {
        "lastModified": 1779526397,
        "narHash": "sha256-HWFG5voy8Y9nDkhp3zzFThX99UmgSOsyFpmAglXdtvs=",
        "owner": "lopsided98",
        "repo": "nix-ros-overlay",
        "rev": "1abff578f2919094ac076407c46658c0a0de41c9",
        "type": "github"
      },
      "original": {
        "owner": "lopsided98",
        "ref": "master",
        "repo": "nix-ros-overlay",
        "type": "github"
      }
    },
    "nixpkgs": {
      "locked": {
        "lastModified": 1771369470,
        "narHash": "sha256-0NBlEBKkN3lufyvFegY4TYv5mCNHbi5OmBDrzihbBMQ=",
        "owner": "NixOS",
        "repo": "nixpkgs",
        "rev": "0182a361324364ae3f436a63005877674cf45efb",
        "type": "github"
      },
      "original": {
        "owner": "NixOS",
        "ref": "nixos-unstable",
        "repo": "nixpkgs",
        "type": "github"
      }
    },
    "root": {
      "inputs": {
        "nix-ros-overlay": "nix-ros-overlay",
        "nixpkgs": [
          "nix-ros-overlay",
          "nixpkgs"
        ],
        "src_mrs_cmake": "src_mrs_cmake",
        "src_mrs_lib": "src_mrs_lib",
        "src_mrs_msgs": "src_mrs_msgs"
      }
    },
    "rosdistro": {
      "flake": false,
      "locked": {
        "lastModified": 1779440547,
        "narHash": "sha256-zwkFhi7/rGJ1DPykUsulXnAJXFxbR5YQO10GuFUEBfo=",
        "owner": "ros",
        "repo": "rosdistro",
        "rev": "7111412b11e86fbb1751db4c4955d798f95e5cf3",
        "type": "github"
      },
      "original": {
        "owner": "ros",
        "repo": "rosdistro",
        "type": "github"
      }
    },
    "src_mrs_cmake": {
      "flake": false,
      "locked": {
        "lastModified": 1779856662,
        "narHash": "sha256-cQrsywxGqMF9BMh8TdbvO3UpJiPHFjhaAN5V3f2ZgzU=",
        "owner": "ctu-mrs",
        "repo": "mrs_cmake",
        "rev": "afb5e82f5bce3c54772e03fdf72f0a62bad31618",
        "type": "github"
      },
      "original": {
        "owner": "ctu-mrs",
        "ref": "nix",
        "repo": "mrs_cmake",
        "type": "github"
      }
    },
    "src_mrs_lib": {
      "flake": false,
      "locked": {
        "lastModified": 1779869465,
        "narHash": "sha256-gaqSx+Vzjd50E2BtrKGDml5jJk0c/PqXCPI4vIL04dc=",
        "owner": "ctu-mrs",
        "repo": "mrs_lib",
        "rev": "2c103371437d018b094b972fe99991c5e4450d0c",
        "type": "github"
      },
      "original": {
        "owner": "ctu-mrs",
        "ref": "nix",
        "repo": "mrs_lib",
        "type": "github"
      }
    },
    "src_mrs_msgs": {
      "flake": false,
      "locked": {
        "lastModified": 1779805466,
        "narHash": "sha256-qq+b13LfZcDD9jdIukkL95hWsWKn52uguR/v9G9emVo=",
        "owner": "ctu-mrs",
        "repo": "mrs_msgs",
        "rev": "0f51b3ff31ea2c7686a70b049a8aca6bcfa70e11",
        "type": "github"
      },
      "original": {
        "owner": "ctu-mrs",
        "ref": "nix",
        "repo": "mrs_msgs",
        "type": "github"
      }
    },
    "systems": {
      "locked": {
        "lastModified": 1681028828,
        "narHash": "sha256-Vy1rq5AaRuLzOxct8nz4T6wlgyUR7zLU309k9mBC768=",
        "owner": "nix-systems",
        "repo": "default",
        "rev": "da67096a3b9bf56a91d16901293e51ba5b49a27e",
        "type": "github"
      },
      "original": {
        "owner": "nix-systems",
        "repo": "default",
        "type": "github"
      }
    }
  },
  "root": "root",
  "version": 7
}
